Microsoft Visual Studio Solution File, Format Version 11.00
# Visual Studio 2008

Project("{22EFE938-B50B-35A5-63EF-AE8206061AF1}") = "Geo", "Assembly-CSharp.csproj", "{541FEC53-D586-64B9-DFE5-0B0ADAFD3801}"
EndProject
Project("{22EFE938-B50B-35A5-63EF-AE8206061AF1}") = "Geo", "Assembly-UnityScript.unityproj", "{9724F010-3E2F-C0CE-16DC-4ADB818333C6}"
EndProject
Global
	GlobalSection(SolutionConfigurationPlatforms) = preSolution
		Debug|Any CPU = Debug|Any CPU
		Release|Any CPU = Release|Any CPU
	EndGlobalSection
	GlobalSection(ProjectConfigurationPlatforms) = postSolution
		{541FEC53-D586-64B9-DFE5-0B0ADAFD3801}.Debug|Any CPU.ActiveCfg = Debug|Any CPU
		{541FEC53-D586-64B9-DFE5-0B0ADAFD3801}.Debug|Any CPU.Build.0 = Debug|Any CPU
		{541FEC53-D586-64B9-DFE5-0B0ADAFD3801}.Release|Any CPU.ActiveCfg = Release|Any CPU
		{541FEC53-D586-64B9-DFE5-0B0ADAFD3801}.Release|Any CPU.Build.0 = Release|Any CPU
		{9724F010-3E2F-C0CE-16DC-4ADB818333C6}.Debug|Any CPU.ActiveCfg = Debug|Any CPU
		{9724F010-3E2F-C0CE-16DC-4ADB818333C6}.Debug|Any CPU.Build.0 = Debug|Any CPU
		{9724F010-3E2F-C0CE-16DC-4ADB818333C6}.Release|Any CPU.ActiveCfg = Release|Any CPU
		{9724F010-3E2F-C0CE-16DC-4ADB818333C6}.Release|Any CPU.Build.0 = Release|Any CPU
	EndGlobalSection
	GlobalSection(SolutionProperties) = preSolution
		HideSolutionNode = FALSE
	EndGlobalSection
																		GlobalSection(MonoDevelopProperties) = preSolution
		StartupItem = Assembly-CSharp.csproj
		Policies = $0
		$0.TextStylePolicy = $1
		$1.inheritsSet = null
		$1.scope = text/x-csharp
		$0.CSharpFormattingPolicy = $2
		$2.inheritsSet = Mono
		$2.inheritsScope = text/x-csharp
		$2.scope = text/x-csharp
		$0.TextStylePolicy = $3
		$3.FileWidth = 120
		$3.TabWidth = 4
		$3.EolMarker = Unix
		$3.inheritsSet = Mono
		$3.inheritsScope = text/plain
		$3.scope = text/plain
	EndGlobalSection

EndGlobal
